
Microsoft Visual Studio Solution File, Format Version 12.00
# Visual Studio 15
VisualStudioVersion = 15.0.28307.852
MinimumVisualStudioVersion = 10.0.40219.1
Project("{FAE04EC0-301F-11D3-BF4B-00C04F79EFBC}") = "SocketServerApp", "SocketServerApp\SocketServerApp.csproj", "{F1230DC8-08FD-49F2-9F77-FBE2D9516523}"
EndProject
Project("{FAE04EC0-301F-11D3-BF4B-00C04F79EFBC}") = "SimpleClientApp", "SimpleClientApp\SimpleClientApp.csproj", "{0B9C272D-49C7-45C6-8693-D2323D6DA3AE}"
EndProject
Project("{FAE04EC0-301F-11D3-BF4B-00C04F79EFBC}") = "SocketFrm", "SocketFrm\SocketFrm.csproj", "{6DEACB7E-2855-4E43-A3E5-6D7186213CE4}"
EndProject
Project("{FAE04EC0-301F-11D3-BF4B-00C04F79EFBC}") = "ClientDesktopUI", "ClientDesktopUI\ClientDesktopUI.csproj", "{D894405D-10DB-4FB5-A777-6DE66FC58295}"
EndProject
Project("{FAE04EC0-301F-11D3-BF4B-00C04F79EFBC}") = "SocketServerWinService", "SocketServerWinService\SocketServerWinService.csproj", "{0E758BF9-5D90-4809-BC34-558242ECC6F4}"
EndProject
Project("{54435603-DBB4-11D2-8724-00A0C9A8B90C}") = "ClientDesktopUISetup", "ClientDesktopUISetup\ClientDesktopUISetup.vdproj", "{7DE2E0D7-8BDC-4A27-956D-66FD7CA4714A}"
EndProject
Global
	GlobalSection(SolutionConfigurationPlatforms) = preSolution
		Debug|Any CPU = Debug|Any CPU
		Release|Any CPU = Release|Any CPU
	EndGlobalSection
	GlobalSection(ProjectConfigurationPlatforms) = postSolution
		{F1230DC8-08FD-49F2-9F77-FBE2D9516523}.Debug|Any CPU.ActiveCfg = Debug|Any CPU
		{F1230DC8-08FD-49F2-9F77-FBE2D9516523}.Debug|Any CPU.Build.0 = Debug|Any CPU
		{F1230DC8-08FD-49F2-9F77-FBE2D9516523}.Release|Any CPU.ActiveCfg = Release|Any CPU
		{F1230DC8-08FD-49F2-9F77-FBE2D9516523}.Release|Any CPU.Build.0 = Release|Any CPU
		{0B9C272D-49C7-45C6-8693-D2323D6DA3AE}.Debug|Any CPU.ActiveCfg = Debug|Any CPU
		{0B9C272D-49C7-45C6-8693-D2323D6DA3AE}.Debug|Any CPU.Build.0 = Debug|Any CPU
		{0B9C272D-49C7-45C6-8693-D2323D6DA3AE}.Release|Any CPU.ActiveCfg = Release|Any CPU
		{0B9C272D-49C7-45C6-8693-D2323D6DA3AE}.Release|Any CPU.Build.0 = Release|Any CPU
		{6DEACB7E-2855-4E43-A3E5-6D7186213CE4}.Debug|Any CPU.ActiveCfg = Debug|Any CPU
		{6DEACB7E-2855-4E43-A3E5-6D7186213CE4}.Debug|Any CPU.Build.0 = Debug|Any CPU
		{6DEACB7E-2855-4E43-A3E5-6D7186213CE4}.Release|Any CPU.ActiveCfg = Release|Any CPU
		{6DEACB7E-2855-4E43-A3E5-6D7186213CE4}.Release|Any CPU.Build.0 = Release|Any CPU
		{D894405D-10DB-4FB5-A777-6DE66FC58295}.Debug|Any CPU.ActiveCfg = Debug|Any CPU
		{D894405D-10DB-4FB5-A777-6DE66FC58295}.Debug|Any CPU.Build.0 = Debug|Any CPU
		{D894405D-10DB-4FB5-A777-6DE66FC58295}.Release|Any CPU.ActiveCfg = Release|Any CPU
		{D894405D-10DB-4FB5-A777-6DE66FC58295}.Release|Any CPU.Build.0 = Release|Any CPU
		{0E758BF9-5D90-4809-BC34-558242ECC6F4}.Debug|Any CPU.ActiveCfg = Debug|Any CPU
		{0E758BF9-5D90-4809-BC34-558242ECC6F4}.Debug|Any CPU.Build.0 = Debug|Any CPU
		{0E758BF9-5D90-4809-BC34-558242ECC6F4}.Release|Any CPU.ActiveCfg = Release|Any CPU
		{0E758BF9-5D90-4809-BC34-558242ECC6F4}.Release|Any CPU.Build.0 = Release|Any CPU
		{7DE2E0D7-8BDC-4A27-956D-66FD7CA4714A}.Debug|Any CPU.ActiveCfg = Debug
		{7DE2E0D7-8BDC-4A27-956D-66FD7CA4714A}.Release|Any CPU.ActiveCfg = Release
	EndGlobalSection
	GlobalSection(SolutionProperties) = preSolution
		HideSolutionNode = FALSE
	EndGlobalSection
	GlobalSection(ExtensibilityGlobals) = postSolution
		SolutionGuid = {CE06CFE9-2452-48AD-A179-8749187D60B9}
	EndGlobalSection
EndGlobal
